
Microsoft Visual Studio Solution File, Format Version 12.00
# Visual Studio Version 17
VisualStudioVersion = 17.0.32014.148
MinimumVisualStudioVersion = 10.0.40219.1
Project("{FAE04EC0-301F-11D3-BF4B-00C04F79EFBC}") = "TestProjectNumber1000", "TestProjectNumber1000\TestProjectNumber1000.csproj", "{1AC3E1BA-C266-4941-96A9-E343E6135407}"
EndProject
Global
	GlobalSection(SolutionConfigurationPlatforms) = preSolution
		Debug|Any CPU = Debug|Any CPU
		Release|Any CPU = Release|Any CPU
	EndGlobalSection
	GlobalSection(ProjectConfigurationPlatforms) = postSolution
		{1AC3E1BA-C266-4941-96A9-E343E6135407}.Debug|Any CPU.ActiveCfg = Debug|Any CPU
		{1AC3E1BA-C266-4941-96A9-E343E6135407}.Debug|Any CPU.Build.0 = Debug|Any CPU
		{1AC3E1BA-C266-4941-96A9-E343E6135407}.Release|Any CPU.ActiveCfg = Release|Any CPU
		{1AC3E1BA-C266-4941-96A9-E343E6135407}.Release|Any CPU.Build.0 = Release|Any CPU
	EndGlobalSection
	GlobalSection(SolutionProperties) = preSolution
		HideSolutionNode = FALSE
	EndGlobalSection
	GlobalSection(ExtensibilityGlobals) = postSolution
		SolutionGuid = {76F2B5C6-E64C-44B7-9236-53495D241AE2}
	EndGlobalSection
EndGlobal
